
Microsoft Visual Studio Solution File, Format Version 12.00
# Visual Studio 15
VisualStudioVersion = 15.0.28010.2041
MinimumVisualStudioVersion = 10.0.40219.1
Project("{FAE04EC0-301F-11D3-BF4B-00C04F79EFBC}") = "Star", "SpaceWars\Star.csproj", "{C0F39B05-61AA-42B5-A218-27B88023F9E2}"
EndProject
Project("{FAE04EC0-301F-11D3-BF4B-00C04F79EFBC}") = "Resource", "Resource\Resource.csproj", "{5BA3B788-AE7F-4A3F-AF9D-1E11606CA5C9}"
EndProject
Project("{FAE04EC0-301F-11D3-BF4B-00C04F79EFBC}") = "Projectile", "Projectile\Projectile.csproj", "{C991CAAE-7442-4FBB-8355-1210EB50750A}"
EndProject
Project("{FAE04EC0-301F-11D3-BF4B-00C04F79EFBC}") = "World", "World\World.csproj", "{9185D919-BC3C-4119-9720-55AD73195533}"
EndProject
Project("{FAE04EC0-301F-11D3-BF4B-00C04F79EFBC}") = "Ship", "Ship\Ship.csproj", "{846AB070-EF7D-4742-9860-E0E1FCBF35FB}"
EndProject
Project("{FAE04EC0-301F-11D3-BF4B-00C04F79EFBC}") = "Vector2D", "Vector2D\Vector2D.csproj", "{613D6DED-A958-4542-B718-5148E6EEE708}"
EndProject
Project("{FAE04EC0-301F-11D3-BF4B-00C04F79EFBC}") = "View", "View\View.csproj", "{8784D355-7A8D-48FC-976D-BF813A046AC8}"
EndProject
Project("{FAE04EC0-301F-11D3-BF4B-00C04F79EFBC}") = "NetworkController", "Controller\NetworkController.csproj", "{1F5ED194-B93D-4847-8E36-E3924740B7DE}"
EndProject
Project("{FAE04EC0-301F-11D3-BF4B-00C04F79EFBC}") = "GameController", "ClassLibrary1\GameController.csproj", "{197C11AA-F44E-48F1-803E-31B33324066F}"
EndProject
Project("{2150E333-8FDC-42A3-9474-1A3956D46DE8}") = "View_Folder", "View_Folder", "{F194F33E-7600-4E2F-A6A4-5E788C7DDB41}"
EndProject
Project("{2150E333-8FDC-42A3-9474-1A3956D46DE8}") = "Controller_Folder", "Controller_Folder", "{2C7DF3C3-EF4C-4345-8924-467FEBF9C168}"
EndProject
Project("{2150E333-8FDC-42A3-9474-1A3956D46DE8}") = "Model_Folder", "Model_Folder", "{EF20BAE1-4E14-4D06-A8F6-320CA5BC299D}"
EndProject
Project("{FAE04EC0-301F-11D3-BF4B-00C04F79EFBC}") = "DrawingPanel", "DrawingPanel\DrawingPanel.csproj", "{4DB36E99-5A85-4723-BD32-0A5711E062DD}"
EndProject
Project("{2150E333-8FDC-42A3-9474-1A3956D46DE8}") = "Server", "Server", "{8172E39D-7A48-4F8F-B17F-47984E1BCC71}"
EndProject
Project("{FAE04EC0-301F-11D3-BF4B-00C04F79EFBC}") = "Server", "Server\Server.csproj", "{500E1BCE-FBBF-4371-9849-8474110ECCF0}"
EndProject
Project("{FAE04EC0-301F-11D3-BF4B-00C04F79EFBC}") = "ModelTests", "ModelTests\ModelTests.csproj", "{FA06BF58-D9B7-447C-87EA-56AA7436C9AA}"
EndProject
Global
	GlobalSection(SolutionConfigurationPlatforms) = preSolution
		Debug|Any CPU = Debug|Any CPU
		Release|Any CPU = Release|Any CPU
	EndGlobalSection
	GlobalSection(ProjectConfigurationPlatforms) = postSolution
		{C0F39B05-61AA-42B5-A218-27B88023F9E2}.Debug|Any CPU.ActiveCfg = Debug|Any CPU
		{C0F39B05-61AA-42B5-A218-27B88023F9E2}.Debug|Any CPU.Build.0 = Debug|Any CPU
		{C0F39B05-61AA-42B5-A218-27B88023F9E2}.Release|Any CPU.ActiveCfg = Release|Any CPU
		{C0F39B05-61AA-42B5-A218-27B88023F9E2}.Release|Any CPU.Build.0 = Release|Any CPU
		{5BA3B788-AE7F-4A3F-AF9D-1E11606CA5C9}.Debug|Any CPU.ActiveCfg = Debug|Any CPU
		{5BA3B788-AE7F-4A3F-AF9D-1E11606CA5C9}.Release|Any CPU.ActiveCfg = Release|Any CPU
		{5BA3B788-AE7F-4A3F-AF9D-1E11606CA5C9}.Release|Any CPU.Build.0 = Release|Any CPU
		{C991CAAE-7442-4FBB-8355-1210EB50750A}.Debug|Any CPU.ActiveCfg = Debug|Any CPU
		{C991CAAE-7442-4FBB-8355-1210EB50750A}.Debug|Any CPU.Build.0 = Debug|Any CPU
		{C991CAAE-7442-4FBB-8355-1210EB50750A}.Release|Any CPU.ActiveCfg = Release|Any CPU
		{C991CAAE-7442-4FBB-8355-1210EB50750A}.Release|Any CPU.Build.0 = Release|Any CPU
		{9185D919-BC3C-4119-9720-55AD73195533}.Debug|Any CPU.ActiveCfg = Debug|Any CPU
		{9185D919-BC3C-4119-9720-55AD73195533}.Debug|Any CPU.Build.0 = Debug|Any CPU
		{9185D919-BC3C-4119-9720-55AD73195533}.Release|Any CPU.ActiveCfg = Release|Any CPU
		{9185D919-BC3C-4119-9720-55AD73195533}.Release|Any CPU.Build.0 = Release|Any CPU
		{846AB070-EF7D-4742-9860-E0E1FCBF35FB}.Debug|Any CPU.ActiveCfg = Debug|Any CPU
		{846AB070-EF7D-4742-9860-E0E1FCBF35FB}.Debug|Any CPU.Build.0 = Debug|Any CPU
		{846AB070-EF7D-4742-9860-E0E1FCBF35FB}.Release|Any CPU.ActiveCfg = Release|Any CPU
		{846AB070-EF7D-4742-9860-E0E1FCBF35FB}.Release|Any CPU.Build.0 = Release|Any CPU
		{613D6DED-A958-4542-B718-5148E6EEE708}.Debug|Any CPU.ActiveCfg = Debug|Any CPU
		{613D6DED-A958-4542-B718-5148E6EEE708}.Debug|Any CPU.Build.0 = Debug|Any CPU
		{613D6DED-A958-4542-B718-5148E6EEE708}.Release|Any CPU.ActiveCfg = Release|Any CPU
		{613D6DED-A958-4542-B718-5148E6EEE708}.Release|Any CPU.Build.0 = Release|Any CPU
		{8784D355-7A8D-48FC-976D-BF813A046AC8}.Debug|Any CPU.ActiveCfg = Debug|Any CPU
		{8784D355-7A8D-48FC-976D-BF813A046AC8}.Debug|Any CPU.Build.0 = Debug|Any CPU
		{8784D355-7A8D-48FC-976D-BF813A046AC8}.Release|Any CPU.ActiveCfg = Release|Any CPU
		{8784D355-7A8D-48FC-976D-BF813A046AC8}.Release|Any CPU.Build.0 = Release|Any CPU
		{1F5ED194-B93D-4847-8E36-E3924740B7DE}.Debug|Any CPU.ActiveCfg = Debug|Any CPU
		{1F5ED194-B93D-4847-8E36-E3924740B7DE}.Debug|Any CPU.Build.0 = Debug|Any CPU
		{1F5ED194-B93D-4847-8E36-E3924740B7DE}.Release|Any CPU.ActiveCfg = Release|Any CPU
		{1F5ED194-B93D-4847-8E36-E3924740B7DE}.Release|Any CPU.Build.0 = Release|Any CPU
		{197C11AA-F44E-48F1-803E-31B33324066F}.Debug|Any CPU.ActiveCfg = Debug|Any CPU
		{197C11AA-F44E-48F1-803E-31B33324066F}.Debug|Any CPU.Build.0 = Debug|Any CPU
		{197C11AA-F44E-48F1-803E-31B33324066F}.Release|Any CPU.ActiveCfg = Release|Any CPU
		{197C11AA-F44E-48F1-803E-31B33324066F}.Release|Any CPU.Build.0 = Release|Any CPU
		{4DB36E99-5A85-4723-BD32-0A5711E062DD}.Debug|Any CPU.ActiveCfg = Debug|Any CPU
		{4DB36E99-5A85-4723-BD32-0A5711E062DD}.Debug|Any CPU.Build.0 = Debug|Any CPU
		{4DB36E99-5A85-4723-BD32-0A5711E062DD}.Release|Any CPU.ActiveCfg = Release|Any CPU
		{4DB36E99-5A85-4723-BD32-0A5711E062DD}.Release|Any CPU.Build.0 = Release|Any CPU
		{500E1BCE-FBBF-4371-9849-8474110ECCF0}.Debug|Any CPU.ActiveCfg = Debug|Any CPU
		{500E1BCE-FBBF-4371-9849-8474110ECCF0}.Debug|Any CPU.Build.0 = Debug|Any CPU
		{500E1BCE-FBBF-4371-9849-8474110ECCF0}.Release|Any CPU.ActiveCfg = Release|Any CPU
		{500E1BCE-FBBF-4371-9849-8474110ECCF0}.Release|Any CPU.Build.0 = Release|Any CPU
		{FA06BF58-D9B7-447C-87EA-56AA7436C9AA}.Debug|Any CPU.ActiveCfg = Debug|Any CPU
		{FA06BF58-D9B7-447C-87EA-56AA7436C9AA}.Debug|Any CPU.Build.0 = Debug|Any CPU
		{FA06BF58-D9B7-447C-87EA-56AA7436C9AA}.Release|Any CPU.ActiveCfg = Release|Any CPU
		{FA06BF58-D9B7-447C-87EA-56AA7436C9AA}.Release|Any CPU.Build.0 = Release|Any CPU
	EndGlobalSection
	GlobalSection(SolutionProperties) = preSolution
		HideSolutionNode = FALSE
	EndGlobalSection
	GlobalSection(NestedProjects) = preSolution
		{C0F39B05-61AA-42B5-A218-27B88023F9E2} = {EF20BAE1-4E14-4D06-A8F6-320CA5BC299D}
		{C991CAAE-7442-4FBB-8355-1210EB50750A} = {EF20BAE1-4E14-4D06-A8F6-320CA5BC299D}
		{9185D919-BC3C-4119-9720-55AD73195533} = {EF20BAE1-4E14-4D06-A8F6-320CA5BC299D}
		{846AB070-EF7D-4742-9860-E0E1FCBF35FB} = {EF20BAE1-4E14-4D06-A8F6-320CA5BC299D}
		{613D6DED-A958-4542-B718-5148E6EEE708} = {EF20BAE1-4E14-4D06-A8F6-320CA5BC299D}
		{8784D355-7A8D-48FC-976D-BF813A046AC8} = {F194F33E-7600-4E2F-A6A4-5E788C7DDB41}
		{1F5ED194-B93D-4847-8E36-E3924740B7DE} = {2C7DF3C3-EF4C-4345-8924-467FEBF9C168}
		{197C11AA-F44E-48F1-803E-31B33324066F} = {2C7DF3C3-EF4C-4345-8924-467FEBF9C168}
		{4DB36E99-5A85-4723-BD32-0A5711E062DD} = {F194F33E-7600-4E2F-A6A4-5E788C7DDB41}
		{500E1BCE-FBBF-4371-9849-8474110ECCF0} = {8172E39D-7A48-4F8F-B17F-47984E1BCC71}
		{FA06BF58-D9B7-447C-87EA-56AA7436C9AA} = {EF20BAE1-4E14-4D06-A8F6-320CA5BC299D}
	EndGlobalSection
	GlobalSection(ExtensibilityGlobals) = postSolution
		SolutionGuid = {FF08AE7D-B0EF-4AAB-B552-307822CDA0F3}
	EndGlobalSection
EndGlobal
